# THIS IS AN AUTOGENERATED FILE. DO NOT EDIT THIS FILE DIRECTLY.
# yarn lockfile v1


acorn-globals@^1.0.3:
  version "1.0.9"
  resolved "https://registry.yarnpkg.com/acorn-globals/-/acorn-globals-1.0.9.tgz#55bb5e98691507b74579d0513413217c380c54cf"
  integrity sha1-VbtemGkVB7dFedBRNBMhfDgMVM8=
  dependencies:
    acorn "^2.1.0"

acorn@^1.0.1:
  version "1.2.2"
  resolved "https://registry.yarnpkg.com/acorn/-/acorn-1.2.2.tgz#c8ce27de0acc76d896d2b1fad3df588d9e82f014"
  integrity sha1-yM4n3grMdtiW0rH6099YjZ6C8BQ=

acorn@^2.1.0:
  version "2.7.0"
  resolved "https://registry.yarnpkg.com/acorn/-/acorn-2.7.0.tgz#ab6e7d9d886aaca8b085bc3312b79a198433f0e7"
  integrity sha1-q259nYhqrKiwhbwzEreaGYQz8Oc=

align-text@^0.1.1, align-text@^0.1.3:
  version "0.1.4"
  resolved "https://registry.yarnpkg.com/align-text/-/align-text-0.1.4.tgz#0cd90a561093f35d0a99256c22b7069433fad117"
  integrity sha1-DNkKVhCT810KmSVsIrcGlDP60Rc=
  dependencies:
    kind-of "^3.0.2"
    longest "^1.0.1"
    repeat-string "^1.5.2"

amdefine@>=0.0.4:
  version "1.0.1"
  resolved "https://registry.yarnpkg.com/amdefine/-/amdefine-1.0.1.tgz#4a5282ac164729e93619bcfd3ad151f817ce91f5"
  integrity sha1-SlKCrBZHKek2Gbz9OtFR+BfOkfU=

ansi-font@0.0.2:
  version "0.0.2"
  resolved "https://registry.yarnpkg.com/ansi-font/-/ansi-font-0.0.2.tgz#890301bd5841462fd39c0b7709afd1f525143331"
  integrity sha1-iQMBvVhBRi/TnAt3Ca/R9SUUMzE=

ansi-styles@~1.0.0:
  version "1.0.0"
  resolved "https://registry.yarnpkg.com/ansi-styles/-/ansi-styles-1.0.0.tgz#cb102df1c56f5123eab8b67cd7b98027a0279178"
  integrity sha1-yxAt8cVvUSPquLZ817mAJ6AnkXg=

asap@~1.0.0:
  version "1.0.0"
  resolved "https://registry.yarnpkg.com/asap/-/asap-1.0.0.tgz#b2a45da5fdfa20b0496fc3768cc27c12fa916a7d"
  integrity sha1-sqRdpf36ILBJb8N2jMJ8EvqRan0=

asn1@0.1.11:
  version "0.1.11"
  resolved "https://registry.yarnpkg.com/asn1/-/asn1-0.1.11.tgz#559be18376d08a4ec4dbe80877d27818639b2df7"
  integrity sha1-VZvhg3bQik7E2+gId9J4GGObLfc=

assert-plus@^0.1.5:
  version "0.1.5"
  resolved "https://registry.yarnpkg.com/assert-plus/-/assert-plus-0.1.5.tgz#ee74009413002d84cec7219c6ac811812e723160"
  integrity sha1-7nQAlBMALYTOxyGcasgRgS5yMWA=

async-cache@~0.1.2:
  version "0.1.5"
  resolved "https://registry.yarnpkg.com/async-cache/-/async-cache-0.1.5.tgz#b7cd396d295aa8c52829bbe30ec33b62426006da"
  integrity sha1-t805bSlaqMUoKbvjDsM7YkJgBto=
  dependencies:
    lru-cache "~2.3"

async@^0.2.10, async@~0.2.10:
  version "0.2.10"
  resolved "https://registry.yarnpkg.com/async/-/async-0.2.10.tgz#b6bbe0b0674b9d719708ca38de8c237cb526c3d1"
  integrity sha1-trvgsGdLnXGXCMo43owjfLUmw9E=

async@~0.9.0:
  version "0.9.2"
  resolved "https://registry.yarnpkg.com/async/-/async-0.9.2.tgz#aea74d5e61c1f899613bf64bda66d4c78f2fd17d"
  integrity sha1-rqdNXmHB+JlhO/ZL2mbUx48v0X0=

aws-sign2@~0.5.0:
  version "0.5.0"
  resolved "https://registry.yarnpkg.com/aws-sign2/-/aws-sign2-0.5.0.tgz#c57103f7a17fc037f02d7c2e64b602ea223f7d63"
  integrity sha1-xXED96F/wDfwLXwuZLYC6iI/fWM=

balanced-match@^1.0.0:
  version "1.0.0"
  resolved "https://registry.yarnpkg.com/balanced-match/-/balanced-match-1.0.0.tgz#89b4d199ab2bee49de164ea02b89ce462d71b767"
  integrity sha1-ibTRmasr7kneFk6gK4nORi1xt2c=

boom@0.4.x:
  version "0.4.2"
  resolved "https://registry.yarnpkg.com/boom/-/boom-0.4.2.tgz#7a636e9ded4efcefb19cef4947a3c67dfaee911b"
  integrity sha1-emNune1O/O+xnO9JR6PGffrukRs=
  dependencies:
    hoek "0.9.x"

brace-expansion@^1.1.7:
  version "1.1.11"
  resolved "https://registry.yarnpkg.com/brace-expansion/-/brace-expansion-1.1.11.tgz#3c7fcbf529d87226f3d2f52b966ff5271eb441dd"
  integrity sha512-iCuPHDFgrHX7H2vEI/5xpz07zSHB00TpugqhmYtVmMO6518mCuRMoOYFldEBl0g187ufozdaHgWKcYFb61qGiA==
  dependencies:
    balanced-match "^1.0.0"
    concat-map "0.0.1"

camelcase@^1.0.2:
  version "1.2.1"
  resolved "https://registry.yarnpkg.com/camelcase/-/camelcase-1.2.1.tgz#9bb5304d2e0b56698b2c758b08a3eaa9daa58a39"
  integrity sha1-m7UwTS4LVmmLLHWLCKPqqdqlijk=

center-align@^0.1.1:
  version "0.1.3"
  resolved "https://registry.yarnpkg.com/center-align/-/center-align-0.1.3.tgz#aa0d32629b6ee972200411cbd4461c907bc2b7ad"
  integrity sha1-qg0yYptu6XIgBBHL1EYckHvCt60=
  dependencies:
    align-text "^0.1.3"
    lazy-cache "^1.0.3"

chalk@^0.4.0:
  version "0.4.0"
  resolved "https://registry.yarnpkg.com/chalk/-/chalk-0.4.0.tgz#5199a3ddcd0c1efe23bc08c1b027b06176e0c64f"
  integrity sha1-UZmj3c0MHv4jvAjBsCewYXbgxk8=
  dependencies:
    ansi-styles "~1.0.0"
    has-color "~0.1.0"
    strip-ansi "~0.1.0"

character-parser@1.2.1:
  version "1.2.1"
  resolved "https://registry.yarnpkg.com/character-parser/-/character-parser-1.2.1.tgz#c0dde4ab182713b919b970959a123ecc1a30fcd6"
  integrity sha1-wN3kqxgnE7kZuXCVmhI+zBow/NY=

clean-css@2.2.x:
  version "2.2.23"
  resolved "https://registry.yarnpkg.com/clean-css/-/clean-css-2.2.23.tgz#0590b5478b516c4903edc2d89bd3fdbdd286328c"
  integrity sha1-BZC1R4tRbEkD7cLYm9P9vdKGMow=
  dependencies:
    commander "2.2.x"

clean-css@^3.1.9:
  version "3.4.28"
  resolved "https://registry.yarnpkg.com/clean-css/-/clean-css-3.4.28.tgz#bf1945e82fc808f55695e6ddeaec01400efd03ff"
  integrity sha1-vxlF6C/ICPVWlebd6uwBQA79A/8=
  dependencies:
    commander "2.8.x"
    source-map "0.4.x"

cliui@^2.1.0:
  version "2.1.0"
  resolved "https://registry.yarnpkg.com/cliui/-/cliui-2.1.0.tgz#4b475760ff80264c762c3a1719032e91c7fea0d1"
  integrity sha1-S0dXYP+AJkx2LDoXGQMukcf+oNE=
  dependencies:
    center-align "^0.1.1"
    right-align "^0.1.1"
    wordwrap "0.0.2"

clone@^0.1.11:
  version "0.1.19"
  resolved "https://registry.yarnpkg.com/clone/-/clone-0.1.19.tgz#613fb68639b26a494ac53253e15b1a6bd88ada85"
  integrity sha1-YT+2hjmyaklKxTJT4Vsaa9iK2oU=

clone@^1.0.2:
  version "1.0.4"
  resolved "https://registry.yarnpkg.com/clone/-/clone-1.0.4.tgz#da309cc263df15994c688ca902179ca3c7cd7c7e"
  integrity sha1-2jCcwmPfFZlMaIypAheco8fNfH4=

combined-stream@~0.0.4:
  version "0.0.7"
  resolved "https://registry.yarnpkg.com/combined-stream/-/combined-stream-0.0.7.tgz#0137e657baa5a7541c57ac37ac5fc07d73b4dc1f"
  integrity sha1-ATfmV7qlp1QcV6w3rF/AfXO03B8=
  dependencies:
    delayed-stream "0.0.5"

commander@2.2.x:
  version "2.2.0"
  resolved "https://registry.yarnpkg.com/commander/-/commander-2.2.0.tgz#175ad4b9317f3ff615f201c1e57224f55a3e91df"
  integrity sha1-F1rUuTF/P/YV8gHB5XIk9Vo+kd8=

commander@2.8.x:
  version "2.8.1"
  resolved "https://registry.yarnpkg.com/commander/-/commander-2.8.1.tgz#06be367febfda0c330aa1e2a072d3dc9762425d4"
  integrity sha1-Br42f+v9oMMwqh4qBy09yXYkJdQ=
  dependencies:
    graceful-readlink ">= 1.0.0"

commander@~2.6.0:
  version "2.6.0"
  resolved "https://registry.yarnpkg.com/commander/-/commander-2.6.0.tgz#9df7e52fb2a0cb0fb89058ee80c3104225f37e1d"
  integrity sha1-nfflL7Kgyw+4kFjugMMQQiXzfh0=

concat-map@0.0.1:
  version "0.0.1"
  resolved "https://registry.yarnpkg.com/concat-map/-/concat-map-0.0.1.tgz#d8a96bd77fd68df7793a73036a3ba0d5405d477b"
  integrity sha1-2Klr13/Wjfd5OnMDajug1UBdR3s=

consolidate@~0.10.0:
  version "0.10.0"
  resolved "https://registry.yarnpkg.com/consolidate/-/consolidate-0.10.0.tgz#81f1a6ceba1247df9cef7a261ce527c2ce538f7a"
  integrity sha1-gfGmzroSR9+c73omHOUnws5Tj3o=

constantinople@~3.0.1:
  version "3.0.2"
  resolved "https://registry.yarnpkg.com/constantinople/-/constantinople-3.0.2.tgz#4b945d9937907bcd98ee575122c3817516544141"
  integrity sha1-S5RdmTeQe82Y7ldRIsOBdRZUQUE=
  dependencies:
    acorn "^2.1.0"

cryptiles@0.2.x:
  version "0.2.2"
  resolved "https://registry.yarnpkg.com/cryptiles/-/cryptiles-0.2.2.tgz#ed91ff1f17ad13d3748288594f8a48a0d26f325c"
  integrity sha1-7ZH/HxetE9N0gohZT4pIoNJvMlw=
  dependencies:
    boom "0.4.x"

css-parse@1.0.4:
  version "1.0.4"
  resolved "https://registry.yarnpkg.com/css-parse/-/css-parse-1.0.4.tgz#38b0503fbf9da9f54e9c1dbda60e145c77117bdd"
  integrity sha1-OLBQP7+dqfVOnB29pg4UXHcRe90=

css-stringify@1.0.5:
  version "1.0.5"
  resolved "https://registry.yarnpkg.com/css-stringify/-/css-stringify-1.0.5.tgz#b0d042946db2953bb9d292900a6cb5f6d0122031"
  integrity sha1-sNBClG2ylTu50pKQCmy19tASIDE=

css@~1.0.8:
  version "1.0.8"
  resolved "https://registry.yarnpkg.com/css/-/css-1.0.8.tgz#9386811ca82bccc9ee7fb5a732b1e2a317c8a3e7"
  integrity sha1-k4aBHKgrzMnuf7WnMrHioxfIo+c=
  dependencies:
    css-parse "1.0.4"
    css-stringify "1.0.5"

ctype@0.5.3:
  version "0.5.3"
  resolved "https://registry.yarnpkg.com/ctype/-/ctype-0.5.3.tgz#82c18c2461f74114ef16c135224ad0b9144ca12f"
  integrity sha1-gsGMJGH3QRTvFsE1IkrQuRRMoS8=

debug@~0.7.4:
  version "0.7.4"
  resolved "https://registry.yarnpkg.com/debug/-/debug-0.7.4.tgz#06e1ea8082c2cb14e39806e22e2f6f757f92af39"
  integrity sha1-BuHqgILCyxTjmAbiLi9vdX+Srzk=

debug@~2.1:
  version "2.1.3"
  resolved "https://registry.yarnpkg.com/debug/-/debug-2.1.3.tgz#ce8ab1b5ee8fbee2bfa3b633cab93d366b63418e"
  integrity sha1-zoqxte6PvuK/o7Yzyrk9NmtjQY4=
  dependencies:
    ms "0.7.0"

decamelize@^1.0.0:
  version "1.2.0"
  resolved "https://registry.yarnpkg.com/decamelize/-/decamelize-1.2.0.tgz#f6534d15148269b20352e7bee26f501f9a191290"
  integrity sha1-9lNNFRSCabIDUue+4m9QH5oZEpA=

defaults@~1.0.0:
  version "1.0.3"
  resolved "https://registry.yarnpkg.com/defaults/-/defaults-1.0.3.tgz#c656051e9817d9ff08ed881477f3fe4019f3ef7d"
  integrity sha1-xlYFHpgX2f8I7YgUd/P+QBnz730=
  dependencies:
    clone "^1.0.2"

delayed-stream@0.0.5:
  version "0.0.5"
  resolved "https://registry.yarnpkg.com/delayed-stream/-/delayed-stream-0.0.5.tgz#d4b1f43a93e8296dfe02694f4680bc37a313c73f"
  integrity sha1-1LH0OpPoKW3+AmlPRoC8N6MTxz8=

entities@~1.1:
  version "1.1.2"
  resolved "https://registry.yarnpkg.com/entities/-/entities-1.1.2.tgz#bdfa735299664dfafd34529ed4f8522a275fea56"
  integrity sha512-f2LZMYl1Fzu7YSBKg+RoROelpOaNrcGmE9AZubeDfrCEia483oW4MI4VyFd5VNHIgQ/7qm1I0wUHK1eJnn2y2w==

extend@~1.2.1:
  version "1.2.1"
  resolved "https://registry.yarnpkg.com/extend/-/extend-1.2.1.tgz#a0f5fd6cfc83a5fe49ef698d60ec8a624dd4576c"
  integrity sha1-oPX9bPyDpf5J72mNYOyKYk3UV2w=

fd@~0.0.2:
  version "0.0.3"
  resolved "https://registry.yarnpkg.com/fd/-/fd-0.0.3.tgz#b3240de86dbf5a345baae7382a07d4713566ff0c"
  integrity sha512-iAHrIslQb3U68OcMSP0kkNWabp7sSN6d2TBSb2JO3gcLJVDd4owr/hKM4SFJovFOUeeXeItjYgouEDTMWiVAnA==

forever-agent@~0.5.0:
  version "0.5.2"
  resolved "https://registry.yarnpkg.com/forever-agent/-/forever-agent-0.5.2.tgz#6d0e09c4921f94a27f63d3b49c5feff1ea4c5130"
  integrity sha1-bQ4JxJIflKJ/Y9O0nF/v8epMUTA=

form-data@~0.1.0:
  version "0.1.4"
  resolved "https://registry.yarnpkg.com/form-data/-/form-data-0.1.4.tgz#91abd788aba9702b1aabfa8bc01031a2ac9e3b12"
  integrity sha1-kavXiKupcCsaq/qLwBAxoqyeOxI=
  dependencies:
    async "~0.9.0"
    combined-stream "~0.0.4"
    mime "~1.2.11"

front-matter@~0.2.0:
  version "0.2.3"
  resolved "https://registry.yarnpkg.com/front-matter/-/front-matter-0.2.3.tgz#48fbaa2de1856ca475b5d38dff0b2d6d125196db"
  integrity sha1-SPuqLeGFbKR1tdON/wstbRJRlts=
  dependencies:
    yaml-js "^0.1.0"

fs-extra@~0.8.1:
  version "0.8.1"
  resolved "https://registry.yarnpkg.com/fs-extra/-/fs-extra-0.8.1.tgz#0e5779ffbfedf511bc755595c7f03c06d4b43e8d"
  integrity sha1-Dld5/7/t9RG8dVWVx/A8BtS0Po0=
  dependencies:
    jsonfile "~1.1.0"
    mkdirp "0.3.x"
    ncp "~0.4.2"
    rimraf "~2.2.0"

fs.realpath@^1.0.0:
  version "1.0.0"
  resolved "https://registry.yarnpkg.com/fs.realpath/-/fs.realpath-1.0.0.tgz#1504ad2523158caa40db4a2787cb01411994ea4f"
  integrity sha1-FQStJSMVjKpA20onh8sBQRmU6k8=

gaze@^0.5.1:
  version "0.5.2"
  resolved "https://registry.yarnpkg.com/gaze/-/gaze-0.5.2.tgz#40b709537d24d1d45767db5a908689dfe69ac44f"
  integrity sha1-QLcJU30k0dRXZ9takIaJ3+aaxE8=
  dependencies:
    globule "~0.1.0"

glob@^7.1.3:
  version "7.1.6"
  resolved "https://registry.yarnpkg.com/glob/-/glob-7.1.6.tgz#141f33b81a7c2492e125594307480c46679278a6"
  integrity sha512-LwaxwyZ72Lk7vZINtNNrywX0ZuLyStrdDtabefZKAY5ZGJhVtgdznluResxNmPitE0SAO+O26sWTHeKSI2wMBA==
  dependencies:
    fs.realpath "^1.0.0"
    inflight "^1.0.4"
    inherits "2"
    minimatch "^3.0.4"
    once "^1.3.0"
    path-is-absolute "^1.0.0"

glob@~3.1.21:
  version "3.1.21"
  resolved "https://registry.yarnpkg.com/glob/-/glob-3.1.21.tgz#d29e0a055dea5138f4d07ed40e8982e83c2066cd"
  integrity sha1-0p4KBV3qUTj00H7UDomC6DwgZs0=
  dependencies:
    graceful-fs "~1.2.0"
    inherits "1"
    minimatch "~0.2.11"

globule@~0.1.0:
  version "0.1.0"
  resolved "https://registry.yarnpkg.com/globule/-/globule-0.1.0.tgz#d9c8edde1da79d125a151b79533b978676346ae5"
  integrity sha1-2cjt3h2nnRJaFRt5UzuXhnY0auU=
  dependencies:
    glob "~3.1.21"
    lodash "~1.0.1"
    minimatch "~0.2.11"

graceful-fs@~1.2, graceful-fs@~1.2.0:
  version "1.2.3"
  resolved "https://registry.yarnpkg.com/graceful-fs/-/graceful-fs-1.2.3.tgz#15a4806a57547cb2d2dbf27f42e89a8c3451b364"
  integrity sha1-FaSAaldUfLLS2/J/QuiajDRRs2Q=

graceful-fs@~3.0.2:
  version "3.0.12"
  resolved "https://registry.yarnpkg.com/graceful-fs/-/graceful-fs-3.0.12.tgz#0034947ce9ed695ec8ab0b854bc919e82b1ffaef"
  integrity sha512-J55gaCS4iTTJfTXIxSVw3EMQckcqkpdRv3IR7gu6sq0+tbC363Zx6KH/SEwXASK9JRbhyZmVjJEVJIOxYsB3Qg==
  dependencies:
    natives "^1.1.3"

"graceful-readlink@>= 1.0.0":
  version "1.0.1"
  resolved "https://registry.yarnpkg.com/graceful-readlink/-/graceful-readlink-1.0.1.tgz#4cafad76bc62f02fa039b2f94e9a3dd3a391a725"
  integrity sha1-TK+tdrxi8C+gObL5Tpo906ORpyU=

has-color@~0.1.0:
  version "0.1.7"
  resolved "https://registry.yarnpkg.com/has-color/-/has-color-0.1.7.tgz#67144a5260c34fc3cca677d041daf52fe7b78b2f"
  integrity sha1-ZxRKUmDDT8PMpnfQQdr1L+e3iy8=

hawk@1.1.1:
  version "1.1.1"
  resolved "https://registry.yarnpkg.com/hawk/-/hawk-1.1.1.tgz#87cd491f9b46e4e2aeaca335416766885d2d1ed9"
  integrity sha1-h81JH5tG5OKurKM1QWdmiF0tHtk=
  dependencies:
    boom "0.4.x"
    cryptiles "0.2.x"
    hoek "0.9.x"
    sntp "0.2.x"

highlight.js@~8.3:
  version "8.3.0"
  resolved "https://registry.yarnpkg.com/highlight.js/-/highlight.js-8.3.0.tgz#ab76531b710d65d363ac125355bad23dffc5c402"
  integrity sha1-q3ZTG3ENZdNjrBJTVbrSPf/FxAI=

hoek@0.9.x:
  version "0.9.1"
  resolved "https://registry.yarnpkg.com/hoek/-/hoek-0.9.1.tgz#3d322462badf07716ea7eb85baf88079cddce505"
  integrity sha1-PTIkYrrfB3Fup+uFuviAec3c5QU=

http-signature@~0.10.0:
  version "0.10.1"
  resolved "https://registry.yarnpkg.com/http-signature/-/http-signature-0.10.1.tgz#4fbdac132559aa8323121e540779c0a012b27e66"
  integrity sha1-T72sEyVZqoMjEh5UB3nAoBKyfmY=
  dependencies:
    asn1 "0.1.11"
    assert-plus "^0.1.5"
    ctype "0.5.3"

inflight@^1.0.4:
  version "1.0.6"
  resolved "https://registry.yarnpkg.com/inflight/-/inflight-1.0.6.tgz#49bd6331d7d02d0c09bc910a1075ba8165b56df9"
  integrity sha1-Sb1jMdfQLQwJvJEKEHW6gWW1bfk=
  dependencies:
    once "^1.3.0"
    wrappy "1"

inherits@1:
  version "1.0.2"
  resolved "https://registry.yarnpkg.com/inherits/-/inherits-1.0.2.tgz#ca4309dadee6b54cc0b8d247e8d7c7a0975bdc9b"
  integrity sha1-ykMJ2t7mtUzAuNJH6NfHoJdb3Js=

inherits@2:
  version "2.0.4"
  resolved "https://registry.yarnpkg.com/inherits/-/inherits-2.0.4.tgz#0fa2c64f932917c3433a0ded55363aae37416b7c"
  integrity sha512-k/vGaX4/Yla3WzyMCvTQOXYeIHvqOKtnqBduzTHpzpQZzAskKMhZ2K+EnBiSM9zGSoIFeMpXKxa4dYeZIQqewQ==

ip-regex@^2.1.0:
  version "2.1.0"
  resolved "https://registry.yarnpkg.com/ip-regex/-/ip-regex-2.1.0.tgz#fa78bf5d2e6913c911ce9f819ee5146bb6d844e9"
  integrity sha1-+ni/XS5pE8kRzp+BnuUUa7bYROk=

is-buffer@^1.1.5:
  version "1.1.6"
  resolved "https://registry.yarnpkg.com/is-buffer/-/is-buffer-1.1.6.tgz#efaa2ea9daa0d7ab2ea13a97b2b8ad51fefbe8be"
  integrity sha512-NcdALwpXkTm5Zvvbk7owOUSvVvBKDgKP5/ewfXEznmQFfs4ZRmanOeKBTjRVjka3QFoN6XJ+9F3USqfHqTaU5w==

is-promise@^2.0.0:
  version "2.1.0"
  resolved "https://registry.yarnpkg.com/is-promise/-/is-promise-2.1.0.tgz#79a2a9ece7f096e80f36d2b2f3bc16c1ff4bf3fa"
  integrity sha1-eaKp7OfwlugPNtKy87wWwf9L8/o=

is-promise@~1:
  version "1.0.1"
  resolved "https://registry.yarnpkg.com/is-promise/-/is-promise-1.0.1.tgz#31573761c057e33c2e91aab9e96da08cefbe76e5"
  integrity sha1-MVc3YcBX4zwukaq56W2gjO++duU=

is-utf8@~0.2.0:
  version "0.2.1"
  resolved "https://registry.yarnpkg.com/is-utf8/-/is-utf8-0.2.1.tgz#4b0da1442104d1b336340e80797e865cf39f7d72"
  integrity sha1-Sw2hRCEE0bM2NA6AeX6GXPOffXI=

jade@^1.3.1:
  version "1.11.0"
  resolved "https://registry.yarnpkg.com/jade/-/jade-1.11.0.tgz#9c80e538c12d3fb95c8d9bb9559fa0cc040405fd"
  integrity sha1-nIDlOMEtP7lcjZu5VZ+gzAQEBf0=
  dependencies:
    character-parser "1.2.1"
    clean-css "^3.1.9"
    commander "~2.6.0"
    constantinople "~3.0.1"
    jstransformer "0.0.2"
    mkdirp "~0.5.0"
    transformers "2.1.0"
    uglify-js "^2.4.19"
    void-elements "~2.0.1"
    with "~4.0.0"

json-stringify-safe@~5.0.0:
  version "5.0.1"
  resolved "https://registry.yarnpkg.com/json-stringify-safe/-/json-stringify-safe-5.0.1.tgz#1296a2d58fd45f19a0f6ce01d65701e2c735b6eb"
  integrity sha1-Epai1Y/UXxmg9s4B1lcB4sc1tus=

jsonfile@~1.1.0:
  version "1.1.1"
  resolved "https://registry.yarnpkg.com/jsonfile/-/jsonfile-1.1.1.tgz#da4fd6ad77f1a255203ea63c7bc32dc31ef64433"
  integrity sha1-2k/WrXfxolUgPqY8e8Mtwx72RDM=

jstransformer@0.0.2:
  version "0.0.2"
  resolved "https://registry.yarnpkg.com/jstransformer/-/jstransformer-0.0.2.tgz#7aae29a903d196cfa0973d885d3e47947ecd76ab"
  integrity sha1-eq4pqQPRls+glz2IXT5HlH7Ndqs=
  dependencies:
    is-promise "^2.0.0"
    promise "^6.0.1"

kind-of@^3.0.2:
  version "3.2.2"
  resolved "https://registry.yarnpkg.com/kind-of/-/kind-of-3.2.2.tgz#31ea21a734bab9bbb0f32466d893aea51e4a3c64"
  integrity sha1-MeohpzS6ubuw8yRm2JOupR5KPGQ=
  dependencies:
    is-buffer "^1.1.5"

lazy-cache@^1.0.3:
  version "1.0.4"
  resolved "https://registry.yarnpkg.com/lazy-cache/-/lazy-cache-1.0.4.tgz#a1d78fc3a50474cb80845d3b3b6e1da49a446e8e"
  integrity sha1-odePw6UEdMuAhF07O24dpJpEbo4=

less@^1.7.0:
  version "1.7.5"
  resolved "https://registry.yarnpkg.com/less/-/less-1.7.5.tgz#4f220cf7288a27eaca739df6e4808a2d4c0d5756"
  integrity sha1-TyIM9yiKJ+rKc5325ICKLUwNV1Y=
  optionalDependencies:
    clean-css "2.2.x"
    graceful-fs "~3.0.2"
    mime "~1.2.11"
    mkdirp "~0.5.0"
    request "~2.40.0"
    source-map "0.1.x"

lodash._arraypool@~2.4.1:
  version "2.4.1"
  resolved "https://registry.yarnpkg.com/lodash._arraypool/-/lodash._arraypool-2.4.1.tgz#e88eecb92e2bb84c9065612fd958a0719cd47f94"
  integrity sha1-6I7suS4ruEyQZWEv2VigcZzUf5Q=

lodash._basebind@~2.4.1:
  version "2.4.1"
  resolved "https://registry.yarnpkg.com/lodash._basebind/-/lodash._basebind-2.4.1.tgz#e940b9ebdd27c327e0a8dab1b55916c5341e9575"
  integrity sha1-6UC5690nwyfgqNqxtVkWxTQelXU=
  dependencies:
    lodash._basecreate "~2.4.1"
    lodash._setbinddata "~2.4.1"
    lodash._slice "~2.4.1"
    lodash.isobject "~2.4.1"

lodash._basecreate@~2.4.1:
  version "2.4.1"
  resolved "https://registry.yarnpkg.com/lodash._basecreate/-/lodash._basecreate-2.4.1.tgz#f8e6f5b578a9e34e541179b56b8eeebf4a287e08"
  integrity sha1-+Ob1tXip405UEXm1a47uv0oofgg=
  dependencies:
    lodash._isnative "~2.4.1"
    lodash.isobject "~2.4.1"
    lodash.noop "~2.4.1"

lodash._basecreatecallback@~2.4.1:
  version "2.4.1"
  resolved "https://registry.yarnpkg.com/lodash._basecreatecallback/-/lodash._basecreatecallback-2.4.1.tgz#7d0b267649cb29e7a139d0103b7c11fae84e4851"
  integrity sha1-fQsmdknLKeehOdAQO3wR+uhOSFE=
  dependencies:
    lodash._setbinddata "~2.4.1"
    lodash.bind "~2.4.1"
    lodash.identity "~2.4.1"
    lodash.support "~2.4.1"

lodash._basecreatewrapper@~2.4.1:
  version "2.4.1"
  resolved "https://registry.yarnpkg.com/lodash._basecreatewrapper/-/lodash._basecreatewrapper-2.4.1.tgz#4d31f2e7de7e134fbf2803762b8150b32519666f"
  integrity sha1-TTHy595+E0+/KAN2K4FQsyUZZm8=
  dependencies:
    lodash._basecreate "~2.4.1"
    lodash._setbinddata "~2.4.1"
    lodash._slice "~2.4.1"
    lodash.isobject "~2.4.1"

lodash._basedifference@~2.4.1:
  version "2.4.1"
  resolved "https://registry.yarnpkg.com/lodash._basedifference/-/lodash._basedifference-2.4.1.tgz#78697ca67412c9e5b5dbeab54d1b2573b89a6334"
  integrity sha1-eGl8pnQSyeW12+q1TRslc7iaYzQ=
  dependencies:
    lodash._baseindexof "~2.4.1"
    lodash._cacheindexof "~2.4.1"
    lodash._createcache "~2.4.1"
    lodash._largearraysize "~2.4.1"
    lodash._releaseobject "~2.4.1"

lodash._baseflatten@~2.4.1:
  version "2.4.1"
  resolved "https://registry.yarnpkg.com/lodash._baseflatten/-/lodash._baseflatten-2.4.1.tgz#aebbe7e6d28c7b51b05bd92eb1dca27b1498c8d2"
  integrity sha1-rrvn5tKMe1GwW9kusdyiexSYyNI=
  dependencies:
    lodash.isarguments "~2.4.1"
    lodash.isarray "~2.4.1"

lodash._baseindexof@~2.4.1:
  version "2.4.1"
  resolved "https://registry.yarnpkg.com/lodash._baseindexof/-/lodash._baseindexof-2.4.1.tgz#59db58412b40604ca4531abaf7a43cf1cc36bd59"
  integrity sha1-WdtYQStAYEykUxq696Q88cw2vVk=

lodash._baseisequal@~2.4.1:
  version "2.4.1"
  resolved "https://registry.yarnpkg.com/lodash._baseisequal/-/lodash._baseisequal-2.4.1.tgz#6b1e62e587c5523111f6f228553dab19e445fc03"
  integrity sha1-ax5i5YfFUjER9vIoVT2rGeRF/AM=
  dependencies:
    lodash._getarray "~2.4.1"
    lodash._objecttypes "~2.4.1"
    lodash._releasearray "~2.4.1"
    lodash.forin "~2.4.1"
    lodash.isfunction "~2.4.1"

lodash._cacheindexof@~2.4.1:
  version "2.4.1"
  resolved "https://registry.yarnpkg.com/lodash._cacheindexof/-/lodash._cacheindexof-2.4.1.tgz#a9fd07cc278eeb882a6b18d0fed6c55e0873cf4b"
  integrity sha1-qf0HzCeO64gqaxjQ/tbFXghzz0s=
  dependencies:
    lodash._baseindexof "~2.4.1"
    lodash._keyprefix "~2.4.1"

lodash._cachepush@~2.4.1:
  version "2.4.1"
  resolved "https://registry.yarnpkg.com/lodash._cachepush/-/lodash._cachepush-2.4.1.tgz#cfded1258b919b7a26d6b012666a584972330899"
  integrity sha1-z97RJYuRm3om1rASZmpYSXIzCJk=
  dependencies:
    lodash._keyprefix "~2.4.1"

lodash._createcache@~2.4.1:
  version "2.4.1"
  resolved "https://registry.yarnpkg.com/lodash._createcache/-/lodash._createcache-2.4.1.tgz#f4c2282c3bca198d12f4184ac2b6212e691dc854"
  integrity sha1-9MIoLDvKGY0S9BhKwrYhLmkdyFQ=
  dependencies:
    lodash._cachepush "~2.4.1"
    lodash._getobject "~2.4.1"
    lodash._releaseobject "~2.4.1"

lodash._createwrapper@~2.4.1:
  version "2.4.1"
  resolved "https://registry.yarnpkg.com/lodash._createwrapper/-/lodash._createwrapper-2.4.1.tgz#51d6957973da4ed556e37290d8c1a18c53de1607"
  integrity sha1-UdaVeXPaTtVW43KQ2MGhjFPeFgc=
  dependencies:
    lodash._basebind "~2.4.1"
    lodash._basecreatewrapper "~2.4.1"
    lodash._slice "~2.4.1"
    lodash.isfunction "~2.4.1"

lodash._getarray@~2.4.1:
  version "2.4.1"
  resolved "https://registry.yarnpkg.com/lodash._getarray/-/lodash._getarray-2.4.1.tgz#faf1f7f810fa985a251c2187404481094839e5ee"
  integrity sha1-+vH3+BD6mFolHCGHQESBCUg55e4=
  dependencies:
    lodash._arraypool "~2.4.1"

lodash._getobject@~2.4.1:
  version "2.4.1"
  resolved "https://registry.yarnpkg.com/lodash._getobject/-/lodash._getobject-2.4.1.tgz#438075a5046e77238e1d6a01457b5357a5b5cb16"
  integrity sha1-Q4B1pQRudyOOHWoBRXtTV6W1yxY=
  dependencies:
    lodash._objectpool "~2.4.1"

lodash._isnative@~2.4.1:
  version "2.4.1"
  resolved "https://registry.yarnpkg.com/lodash._isnative/-/lodash._isnative-2.4.1.tgz#3ea6404b784a7be836c7b57580e1cdf79b14832c"
  integrity sha1-PqZAS3hKe+g2x7V1gOHN95sUgyw=

lodash._keyprefix@~2.4.1:
  version "2.4.2"
  resolved "https://registry.yarnpkg.com/lodash._keyprefix/-/lodash._keyprefix-2.4.2.tgz#18e429d0dbde2003958351c7d2eb664f374f8558"
  integrity sha1-GOQp0NveIAOVg1HH0utmTzdPhVg=

lodash._largearraysize@~2.4.1:
  version "2.4.1"
  resolved "https://registry.yarnpkg.com/lodash._largearraysize/-/lodash._largearraysize-2.4.1.tgz#8d38ff378e607bae554355923a9874db117ca3a8"
  integrity sha1-jTj/N45ge65VQ1WSOph02xF8o6g=

lodash._maxpoolsize@~2.4.1:
  version "2.4.1"
  resolved "https://registry.yarnpkg.com/lodash._maxpoolsize/-/lodash._maxpoolsize-2.4.1.tgz#9d482f463b8e66afbe59c2c14edb117060172334"
  integrity sha1-nUgvRjuOZq++WcLBTtsRcGAXIzQ=

lodash._objectpool@~2.4.1:
  version "2.4.1"
  resolved "https://registry.yarnpkg.com/lodash._objectpool/-/lodash._objectpool-2.4.1.tgz#52cb14b66687baea080dbf7516528d03e51de9b1"
  integrity sha1-UssUtmaHuuoIDb91FlKNA+Ud6bE=

lodash._objecttypes@~2.4.1:
  version "2.4.1"
  resolved "https://registry.yarnpkg.com/lodash._objecttypes/-/lodash._objecttypes-2.4.1.tgz#7c0b7f69d98a1f76529f890b0cdb1b4dfec11c11"
  integrity sha1-fAt/admKH3ZSn4kLDNsbTf7BHBE=

lodash._releasearray@~2.4.1:
  version "2.4.1"
  resolved "https://registry.yarnpkg.com/lodash._releasearray/-/lodash._releasearray-2.4.1.tgz#a6139630d76d1536b07ddc80962889b082f6a641"
  integrity sha1-phOWMNdtFTawfdyAliiJsIL2pkE=
  dependencies:
    lodash._arraypool "~2.4.1"
    lodash._maxpoolsize "~2.4.1"

lodash._releaseobject@~2.4.1:
  version "2.4.1"
  resolved "https://registry.yarnpkg.com/lodash._releaseobject/-/lodash._releaseobject-2.4.1.tgz#a018e71be7046510ebabad13cd51dd2c14505938"
  integrity sha1-oBjnG+cEZRDrq60TzVHdLBRQWTg=
  dependencies:
    lodash._maxpoolsize "~2.4.1"
    lodash._objectpool "~2.4.1"

lodash._setbinddata@~2.4.1:
  version "2.4.1"
  resolved "https://registry.yarnpkg.com/lodash._setbinddata/-/lodash._setbinddata-2.4.1.tgz#f7c200cd1b92ef236b399eecf73c648d17aa94d2"
  integrity sha1-98IAzRuS7yNrOZ7s9zxkjReqlNI=
  dependencies:
    lodash._isnative "~2.4.1"
    lodash.noop "~2.4.1"

lodash._shimkeys@~2.4.1:
  version "2.4.1"
  resolved "https://registry.yarnpkg.com/lodash._shimkeys/-/lodash._shimkeys-2.4.1.tgz#6e9cc9666ff081f0b5a6c978b83e242e6949d203"
  integrity sha1-bpzJZm/wgfC1psl4uD4kLmlJ0gM=
  dependencies:
    lodash._objecttypes "~2.4.1"

lodash._slice@~2.4.1:
  version "2.4.1"
  resolved "https://registry.yarnpkg.com/lodash._slice/-/lodash._slice-2.4.1.tgz#745cf41a53597b18f688898544405efa2b06d90f"
  integrity sha1-dFz0GlNZexj2iImFREBe+isG2Q8=

lodash.bind@~2.4.1:
  version "2.4.1"
  resolved "https://registry.yarnpkg.com/lodash.bind/-/lodash.bind-2.4.1.tgz#5d19fa005c8c4d236faf4742c7b7a1fcabe29267"
  integrity sha1-XRn6AFyMTSNvr0dCx7eh/Kvikmc=
  dependencies:
    lodash._createwrapper "~2.4.1"
    lodash._slice "~2.4.1"

lodash.createcallback@~2.4.1:
  version "2.4.4"
  resolved "https://registry.yarnpkg.com/lodash.createcallback/-/lodash.createcallback-2.4.4.tgz#4a4530849b01655003fcbdf563524eff3ceb02c4"
  integrity sha1-SkUwhJsBZVAD/L31Y1JO/zzrAsQ=
  dependencies:
    lodash._basecreatecallback "~2.4.1"
    lodash._baseisequal "~2.4.1"
    lodash.isobject "~2.4.1"
    lodash.keys "~2.4.1"
    lodash.property "~2.4.1"

lodash.forin@~2.4.1:
  version "2.4.1"
  resolved "https://registry.yarnpkg.com/lodash.forin/-/lodash.forin-2.4.1.tgz#8089eaed7d25b08672b7c66fd07ac55d062320eb"
  integrity sha1-gInq7X0lsIZyt8Zv0HrFXQYjIOs=
  dependencies:
    lodash._basecreatecallback "~2.4.1"
    lodash._objecttypes "~2.4.1"

lodash.identity@~2.4.1:
  version "2.4.1"
  resolved "https://registry.yarnpkg.com/lodash.identity/-/lodash.identity-2.4.1.tgz#6694cffa65fef931f7c31ce86c74597cf560f4f1"
  integrity sha1-ZpTP+mX++TH3wxzobHRZfPVg9PE=

lodash.isarguments@~2.4.1:
  version "2.4.1"
  resolved "https://registry.yarnpkg.com/lodash.isarguments/-/lodash.isarguments-2.4.1.tgz#4931a9c08253adf091ae7ca192258a973876ecca"
  integrity sha1-STGpwIJTrfCRrnyhkiWKlzh27Mo=

lodash.isarray@~2.4.1:
  version "2.4.1"
  resolved "https://registry.yarnpkg.com/lodash.isarray/-/lodash.isarray-2.4.1.tgz#b52a326c1f62f6d7da73a31d5401df6ef44f0fa1"
  integrity sha1-tSoybB9i9tfac6MdVAHfbvRPD6E=
  dependencies:
    lodash._isnative "~2.4.1"

lodash.isfunction@~2.4.1:
  version "2.4.1"
  resolved "https://registry.yarnpkg.com/lodash.isfunction/-/lodash.isfunction-2.4.1.tgz#2cfd575c73e498ab57e319b77fa02adef13a94d1"
  integrity sha1-LP1XXHPkmKtX4xm3f6Aq3vE6lNE=

lodash.isobject@~2.4.1:
  version "2.4.1"
  resolved "https://registry.yarnpkg.com/lodash.isobject/-/lodash.isobject-2.4.1.tgz#5a2e47fe69953f1ee631a7eba1fe64d2d06558f5"
  integrity sha1-Wi5H/mmVPx7mMafrof5k0tBlWPU=
  dependencies:
    lodash._objecttypes "~2.4.1"

lodash.keys@~2.4.1:
  version "2.4.1"
  resolved "https://registry.yarnpkg.com/lodash.keys/-/lodash.keys-2.4.1.tgz#48dea46df8ff7632b10d706b8acb26591e2b3727"
  integrity sha1-SN6kbfj/djKxDXBrissmWR4rNyc=
  dependencies:
    lodash._isnative "~2.4.1"
    lodash._shimkeys "~2.4.1"
    lodash.isobject "~2.4.1"

lodash.noop@~2.4.1:
  version "2.4.1"
  resolved "https://registry.yarnpkg.com/lodash.noop/-/lodash.noop-2.4.1.tgz#4fb54f816652e5ae10e8f72f717a388c7326538a"
  integrity sha1-T7VPgWZS5a4Q6PcvcXo4jHMmU4o=

lodash.omit@~2.4.1:
  version "2.4.1"
  resolved "https://registry.yarnpkg.com/lodash.omit/-/lodash.omit-2.4.1.tgz#8ac36c284f1e2035dbd3840fa2cfa40e08de4b9c"
  integrity sha1-isNsKE8eIDXb04QPos+kDgjeS5w=
  dependencies:
    lodash._basedifference "~2.4.1"
    lodash._baseflatten "~2.4.1"
    lodash.createcallback "~2.4.1"
    lodash.forin "~2.4.1"

lodash.property@~2.4.1:
  version "2.4.1"
  resolved "https://registry.yarnpkg.com/lodash.property/-/lodash.property-2.4.1.tgz#4049c0549daf5a7102bc5e93eeaebb379deb132f"
  integrity sha1-QEnAVJ2vWnECvF6T7q67N53rEy8=

lodash.support@~2.4.1:
  version "2.4.1"
  resolved "https://registry.yarnpkg.com/lodash.support/-/lodash.support-2.4.1.tgz#320e0b67031673c28d7a2bb5d9e0331a45240515"
  integrity sha1-Mg4LZwMWc8KNeiu12eAzGkUkBRU=
  dependencies:
    lodash._isnative "~2.4.1"

lodash@~1.0.1:
  version "1.0.2"
  resolved "https://registry.yarnpkg.com/lodash/-/lodash-1.0.2.tgz#8f57560c83b59fc270bd3d561b690043430e2551"
  integrity sha1-j1dWDIO1n8JwvT1WG2kAQ0MOJVE=

lodash@~2.4.1:
  version "2.4.2"
  resolved "https://registry.yarnpkg.com/lodash/-/lodash-2.4.2.tgz#fadd834b9683073da179b3eae6d9c0d15053f73e"
  integrity sha1-+t2DS5aDBz2hebPq5tnA0VBT9z4=

longest@^1.0.1:
  version "1.0.1"
  resolved "https://registry.yarnpkg.com/longest/-/longest-1.0.1.tgz#30a0b2da38f73770e8294a0d22e6625ed77d0097"
  integrity sha1-MKCy2jj3N3DoKUoNIuZiXtd9AJc=

lru-cache@2:
  version "2.7.3"
  resolved "https://registry.yarnpkg.com/lru-cache/-/lru-cache-2.7.3.tgz#6d4524e8b955f95d4f5b58851ce21dd72fb4e952"
  integrity sha1-bUUk6LlV+V1PW1iFHOId1y+06VI=

lru-cache@~2.3:
  version "2.3.1"
  resolved "https://registry.yarnpkg.com/lru-cache/-/lru-cache-2.3.1.tgz#b3adf6b3d856e954e2c390e6cef22081245a53d6"
  integrity sha1-s632s9hW6VTiw5DmzvIggSRaU9Y=

markdown-js@0.0.3:
  version "0.0.3"
  resolved "https://registry.yarnpkg.com/markdown-js/-/markdown-js-0.0.3.tgz#416fc9e4afb650f2cc02bf9ffb030e8cd487793e"
  integrity sha1-QW/J5K+2UPLMAr+f+wMOjNSHeT4=
  dependencies:
    test ">=0.0.5"

marked@~0.3.9:
  version "0.3.19"
  resolved "https://registry.yarnpkg.com/marked/-/marked-0.3.19.tgz#5d47f709c4c9fc3c216b6d46127280f40b39d790"
  integrity sha512-ea2eGWOqNxPcXv8dyERdSr/6FmzvWwzjMxpfGB/sbMccXoct+xY+YukPD+QTUZwyvK7BZwcr4m21WBOW41pAkg==

metalsmith-collections@^0.6.0:
  version "0.6.0"
  resolved "https://registry.yarnpkg.com/metalsmith-collections/-/metalsmith-collections-0.6.0.tgz#b770538b600d0484e9d513d113d67b11e3e6adfc"
  integrity sha1-t3BTi2ANBITp1RPRE9Z7EePmrfw=
  dependencies:
    debug "~0.7.4"
    extend "~1.2.1"
    minimatch "^0.2.14"
    read-metadata "0.0.2"
    uniq "0.0.2"

metalsmith-dev@0.0.1:
  version "0.0.1"
  resolved "https://registry.yarnpkg.com/metalsmith-dev/-/metalsmith-dev-0.0.1.tgz#d90608dc1ae3df05bfeca858f3898c2ae0156789"
  integrity sha1-2QYI3Brj3wW/7KhY84mMKuAVZ4k=
  dependencies:
    chalk "^0.4.0"
    gaze "^0.5.1"
    st "^0.4.1"

metalsmith-drafts@0.0.1:
  version "0.0.1"
  resolved "https://registry.yarnpkg.com/metalsmith-drafts/-/metalsmith-drafts-0.0.1.tgz#727858ba266934a37a287013beca9b6033272f77"
  integrity sha1-cnhYuiZpNKN6KHATvsqbYDMnL3c=

metalsmith-ignore@^0.1.2:
  version "0.1.2"
  resolved "https://registry.yarnpkg.com/metalsmith-ignore/-/metalsmith-ignore-0.1.2.tgz#6ae6c694ba62a41585e8b481a11e2928c5ac4028"
  integrity sha1-aubGlLpipBWF6LSBoR4pKMWsQCg=
  dependencies:
    multimatch "^0.1.0"

metalsmith-less@^0.1.1:
  version "0.1.2"
  resolved "https://registry.yarnpkg.com/metalsmith-less/-/metalsmith-less-0.1.2.tgz#686f25c99e7b7ab7b1c7830956ed618db56fb61e"
  integrity sha1-aG8lyZ57erexx4MJVu1hjbVvth4=
  dependencies:
    async "^0.2.10"
    less "^1.7.0"
    multimatch "^0.1.0"

metalsmith-markdown@^0.2.1:
  version "0.2.2"
  resolved "https://registry.yarnpkg.com/metalsmith-markdown/-/metalsmith-markdown-0.2.2.tgz#f863b7c9c0b2cd5bf034ee0899b0e5a8cde1ebd3"
  integrity sha512-2WMtfd2xhBagmoyRZXg04EHd/jmWnK21aGOvEZG5/eDEBTn9zGtkeptZrl+fQV+CNwhWtoggn1s9d+yi0+JLqQ==
  dependencies:
    debug "~0.7.4"
    marked "~0.3.9"

metalsmith-metallic@^0.3.1:
  version "0.3.1"
  resolved "https://registry.yarnpkg.com/metalsmith-metallic/-/metalsmith-metallic-0.3.1.tgz#356ded2031132ea53fa20dd7b5bc030bce7049b9"
  integrity sha1-NW3tIDETLqU/og3XtbwDC85wSbk=
  dependencies:
    debug "~2.1"
    entities "~1.1"
    highlight.js "~8.3"

metalsmith-permalinks@^0.3.0:
  version "0.3.2"
  resolved "https://registry.yarnpkg.com/metalsmith-permalinks/-/metalsmith-permalinks-0.3.2.tgz#01cf038c2c95019ecb279788f521607839e82839"
  integrity sha1-Ac8DjCyVAZ7LJ5eI9SFgeDnoKDk=
  dependencies:
    debug "~0.7.4"
    moment "^2.5.1"
    slug-component "~1.1.0"
    substitute "https://github.com/segmentio/substitute/archive/0.0.1.tar.gz"

metalsmith-tags@^1.2.1:
  version "1.3.0"
  resolved "https://registry.yarnpkg.com/metalsmith-tags/-/metalsmith-tags-1.3.0.tgz#fe28f7e6c2171f5bae97f6d3c53b5b511b4b957e"
  integrity sha1-/ij35sIXH1uul/bTxTtbURtLlX4=
  dependencies:
    slug "^0.9.1"

metalsmith-templates@^0.5.0:
  version "0.5.2"
  resolved "https://registry.yarnpkg.com/metalsmith-templates/-/metalsmith-templates-0.5.2.tgz#60be7810b2615644fff838674edc2459815ff0f6"
  integrity sha1-YL54ELJhVkT/+DhnTtwkWYFf8PY=
  dependencies:
    async "~0.2.10"
    consolidate "~0.10.0"
    debug "~0.7.4"
    extend "~1.2.1"
    lodash.omit "~2.4.1"
    multimatch "^0.1.0"

metalsmith@^0.7.0:
  version "0.7.0"
  resolved "https://registry.yarnpkg.com/metalsmith/-/metalsmith-0.7.0.tgz#c328451b36f348f425eac1641f4740db2c83ee46"
  integrity sha1-wyhFGzbzSPQl6sFkH0dA2yyD7kY=
  dependencies:
    async "~0.2.10"
    chalk "^0.4.0"
    clone "^0.1.11"
    defaults "~1.0.0"
    front-matter "~0.2.0"
    fs-extra "~0.8.1"
    is-utf8 "~0.2.0"
    recursive-readdir "0.0.2"
    rimraf "^2.2.6"
    stat-mode "^0.2.0"
    ware "~0.3.0"

mime-types@~1.0.1:
  version "1.0.2"
  resolved "https://registry.yarnpkg.com/mime-types/-/mime-types-1.0.2.tgz#995ae1392ab8affcbfcb2641dd054e943c0d5dce"
  integrity sha1-mVrhOSq4r/y/yyZB3QVOlDwNXc4=

mime@~1.2.11, mime@~1.2.7:
  version "1.2.11"
  resolved "https://registry.yarnpkg.com/mime/-/mime-1.2.11.tgz#58203eed86e3a5ef17aed2b7d9ebd47f0a60dd10"
  integrity sha1-WCA+7Ybjpe8XrtK32evUfwpg3RA=

minimatch@^0.2.14, minimatch@~0.2.11, minimatch@~0.2.14:
  version "0.2.14"
  resolved "https://registry.yarnpkg.com/minimatch/-/minimatch-0.2.14.tgz#c74e780574f63c6f9a090e90efbe6ef53a6a756a"
  integrity sha1-x054BXT2PG+aCQ6Q775u9TpqdWo=
  dependencies:
    lru-cache "2"
    sigmund "~1.0.0"

minimatch@^3.0.4:
  version "3.0.4"
  resolved "https://registry.yarnpkg.com/minimatch/-/minimatch-3.0.4.tgz#5166e286457f03306064be5497e8dbb0c3d32083"
  integrity sha512-yJHVQEhyqPLUTgt9B83PXu6W3rx4MvvHvSUvToogpwoGDOUQ+yDrR0HRot+yOCdCO7u4hX3pWft6kWBBcqh0UA==
  dependencies:
    brace-expansion "^1.1.7"

minimist@0.0.8:
  version "0.0.8"
  resolved "https://registry.yarnpkg.com/minimist/-/minimist-0.0.8.tgz#857fcabfc3397d2625b8228262e86aa7a011b05d"
  integrity sha1-hX/Kv8M5fSYluCKCYuhqp6ARsF0=

minimist@1.2.2:
  version "1.2.2"
  resolved "https://registry.yarnpkg.com/minimist/-/minimist-1.2.2.tgz#b00a00230a1108c48c169e69a291aafda3aacd63"
  integrity sha512-rIqbOrKb8GJmx/5bc2M0QchhUouMXSpd1RTclXsB41JdL+VtnojfaJR+h7F9k18/4kHUsBFgk80Uk+q569vjPA==

mkdirp@0.3.x:
  version "0.3.5"
  resolved "https://registry.yarnpkg.com/mkdirp/-/mkdirp-0.3.5.tgz#de3e5f8961c88c787ee1368df849ac4413eca8d7"
  integrity sha1-3j5fiWHIjHh+4TaN+EmsRBPsqNc=

mkdirp@~0.5.0:
  version "0.5.1"
  resolved "https://registry.yarnpkg.com/mkdirp/-/mkdirp-0.5.1.tgz#30057438eac6cf7f8c4767f38648d6697d75c903"
  integrity sha1-MAV0OOrGz3+MR2fzhkjWaX11yQM=
  dependencies:
    minimist "0.0.8"

moment@^2.5.1:
  version "2.24.0"
  resolved "https://registry.yarnpkg.com/moment/-/moment-2.24.0.tgz#0d055d53f5052aa653c9f6eb68bb5d12bf5c2b5b"
  integrity sha512-bV7f+6l2QigeBBZSM/6yTNq4P2fNpSWj/0e7jQcy87A8e7o2nAfP/34/2ky5Vw4B9S446EtIhodAzkFCcR4dQg==

ms@0.7.0:
  version "0.7.0"
  resolved "https://registry.yarnpkg.com/ms/-/ms-0.7.0.tgz#865be94c2e7397ad8a57da6a633a6e2f30798b83"
  integrity sha1-hlvpTC5zl62KV9pqYzpuLzB5i4M=

multimatch@^0.1.0:
  version "0.1.0"
  resolved "https://registry.yarnpkg.com/multimatch/-/multimatch-0.1.0.tgz#099d9f8f8463ac36cfbfa27360bc16cee87ded64"
  integrity sha1-CZ2fj4RjrDbPv6JzYLwWzuh97WQ=
  dependencies:
    lodash "~2.4.1"
    minimatch "~0.2.14"

natives@^1.1.3:
  version "1.1.6"
  resolved "https://registry.yarnpkg.com/natives/-/natives-1.1.6.tgz#a603b4a498ab77173612b9ea1acdec4d980f00bb"
  integrity sha512-6+TDFewD4yxY14ptjKaS63GVdtKiES1pTPyxn9Jb0rBqPMZ7VcCiooEhPNsr+mqHtMGxa/5c/HhcC4uPEUw/nA==

ncp@~0.4.2:
  version "0.4.2"
  resolved "https://registry.yarnpkg.com/ncp/-/ncp-0.4.2.tgz#abcc6cbd3ec2ed2a729ff6e7c1fa8f01784a8574"
  integrity sha1-q8xsvT7C7Spyn/bnwfqPAXhKhXQ=

negotiator@~0.2.5:
  version "0.2.8"
  resolved "https://registry.yarnpkg.com/negotiator/-/negotiator-0.2.8.tgz#adfd207a3875c4d37095729c2e7c283c5ba2ee72"
  integrity sha1-rf0gejh1xNNwlXKcLnwoPFui7nI=

node-uuid@~1.4.0:
  version "1.4.8"
  resolved "https://registry.yarnpkg.com/node-uuid/-/node-uuid-1.4.8.tgz#b040eb0923968afabf8d32fb1f17f1167fdab907"
  integrity sha1-sEDrCSOWivq/jTL7HxfxFn/auQc=

oauth-sign@~0.3.0:
  version "0.3.0"
  resolved "https://registry.yarnpkg.com/oauth-sign/-/oauth-sign-0.3.0.tgz#cb540f93bb2b22a7d5941691a288d60e8ea9386e"
  integrity sha1-y1QPk7srIqfVlBaRoojWDo6pOG4=

once@^1.3.0:
  version "1.4.0"
  resolved "https://registry.yarnpkg.com/once/-/once-1.4.0.tgz#583b1aa775961d4b113ac17d9c50baef9dd76bd1"
  integrity sha1-WDsap3WWHUsROsF9nFC6753Xa9E=
  dependencies:
    wrappy "1"

optimist@~0.3.5:
  version "0.3.7"
  resolved "https://registry.yarnpkg.com/optimist/-/optimist-0.3.7.tgz#c90941ad59e4273328923074d2cf2e7cbc6ec0d9"
  integrity sha1-yQlBrVnkJzMokjB00s8ufLxuwNk=
  dependencies:
    wordwrap "~0.0.2"

path-is-absolute@^1.0.0:
  version "1.0.1"
  resolved "https://registry.yarnpkg.com/path-is-absolute/-/path-is-absolute-1.0.1.tgz#174b9268735534ffbc7ace6bf53a5a9e1b5c5f5f"
  integrity sha1-F0uSaHNVNP+8es5r9TpanhtcX18=

promise@^6.0.1:
  version "6.1.0"
  resolved "https://registry.yarnpkg.com/promise/-/promise-6.1.0.tgz#2ce729f6b94b45c26891ad0602c5c90e04c6eef6"
  integrity sha1-LOcp9rlLRcJoka0GAsXJDgTG7vY=
  dependencies:
    asap "~1.0.0"

promise@~2.0:
  version "2.0.0"
  resolved "https://registry.yarnpkg.com/promise/-/promise-2.0.0.tgz#46648aa9d605af5d2e70c3024bf59436da02b80e"
  integrity sha1-RmSKqdYFr10ucMMCS/WUNtoCuA4=
  dependencies:
    is-promise "~1"

psl@^1.1.28:
  version "1.7.0"
  resolved "https://registry.yarnpkg.com/psl/-/psl-1.7.0.tgz#f1c4c47a8ef97167dea5d6bbf4816d736e884a3c"
  integrity sha512-5NsSEDv8zY70ScRnOTn7bK7eanl2MvFrOrS/R6x+dBt5g1ghnj9Zv90kO8GwT8gxcu2ANyFprnFYB85IogIJOQ==

punycode@^2.1.1:
  version "2.1.1"
  resolved "https://registry.yarnpkg.com/punycode/-/punycode-2.1.1.tgz#b58b010ac40c22c5657616c8d2c2c02c7bf479ec"
  integrity sha512-XRsRjdf+j5ml+y/6GKHPZbrF/8p2Yga0JPtdqTIY2Xe5ohJPD9saDJJLPvp9+NSBprVvevdXZybnj2cv8OEd0A==

qs@~1.0.0:
  version "1.0.2"
  resolved "https://registry.yarnpkg.com/qs/-/qs-1.0.2.tgz#50a93e2b5af6691c31bcea5dae78ee6ea1903768"
  integrity sha1-UKk+K1r2aRwxvOpdrnjubqGQN2g=

read-metadata@0.0.2:
  version "0.0.2"
  resolved "https://registry.yarnpkg.com/read-metadata/-/read-metadata-0.0.2.tgz#4b392da86631ed250de0f6897878601f3819e491"
  integrity sha1-SzktqGYx7SUN4PaJeHhgHzgZ5JE=
  dependencies:
    yaml-js "0.0.8"

recursive-readdir@0.0.2:
  version "0.0.2"
  resolved "https://registry.yarnpkg.com/recursive-readdir/-/recursive-readdir-0.0.2.tgz#0bc47dc4838e646dccfba0507b5e57ffbff35f7c"
  integrity sha1-C8R9xIOOZG3M+6BQe15X/7/zX3w=

repeat-string@^1.5.2:
  version "1.6.1"
  resolved "https://registry.yarnpkg.com/repeat-string/-/repeat-string-1.6.1.tgz#8dcae470e1c88abc2d600fff4a776286da75e637"
  integrity sha1-jcrkcOHIirwtYA//Sndihtp15jc=

request@~2.40.0:
  version "2.40.0"
  resolved "https://registry.yarnpkg.com/request/-/request-2.40.0.tgz#4dd670f696f1e6e842e66b4b5e839301ab9beb67"
  integrity sha1-TdZw9pbx5uhC5mtLXoOTAaub62c=
  dependencies:
    forever-agent "~0.5.0"
    json-stringify-safe "~5.0.0"
    mime-types "~1.0.1"
    node-uuid "~1.4.0"
    qs "~1.0.0"
  optionalDependencies:
    aws-sign2 "~0.5.0"
    form-data "~0.1.0"
    hawk "1.1.1"
    http-signature "~0.10.0"
    oauth-sign "~0.3.0"
    stringstream "~0.0.4"
    tough-cookie ">=0.12.0"
    tunnel-agent "~0.4.0"

right-align@^0.1.1:
  version "0.1.3"
  resolved "https://registry.yarnpkg.com/right-align/-/right-align-0.1.3.tgz#61339b722fe6a3515689210d24e14c96148613ef"
  integrity sha1-YTObci/mo1FWiSENJOFMlhSGE+8=
  dependencies:
    align-text "^0.1.1"

rimraf@^2.2.6:
  version "2.7.1"
  resolved "https://registry.yarnpkg.com/rimraf/-/rimraf-2.7.1.tgz#35797f13a7fdadc566142c29d4f07ccad483e3ec"
  integrity sha512-uWjbaKIK3T1OSVptzX7Nl6PvQ3qAGtKEtVRjRuazjfL3Bx5eI409VZSqgND+4UNnmzLVdPj9FqFJNPqBZFve4w==
  dependencies:
    glob "^7.1.3"

rimraf@~2.2.0:
  version "2.2.8"
  resolved "https://registry.yarnpkg.com/rimraf/-/rimraf-2.2.8.tgz#e439be2aaee327321952730f99a8929e4fc50582"
  integrity sha1-5Dm+Kq7jJzIZUnMPmaiSnk/FBYI=

sigmund@~1.0.0:
  version "1.0.1"
  resolved "https://registry.yarnpkg.com/sigmund/-/sigmund-1.0.1.tgz#3ff21f198cad2175f9f3b781853fd94d0d19b590"
  integrity sha1-P/IfGYytIXX587eBhT/ZTQ0ZtZA=

slug-component@~1.1.0:
  version "1.1.0"
  resolved "https://registry.yarnpkg.com/slug-component/-/slug-component-1.1.0.tgz#224290a04591bf9ac08b9c622d3a14f43e3a0df7"
  integrity sha1-IkKQoEWRv5rAi5xiLToU9D46Dfc=

slug@^0.9.1:
  version "0.9.4"
  resolved "https://registry.yarnpkg.com/slug/-/slug-0.9.4.tgz#fad5f1ef33150830c7688cd8500514576eccabd8"
  integrity sha512-3YHq0TeJ4+AIFbJm+4UWSQs5A1mmeWOTQqydW3OoPmQfNKxlO96NDRTIrp+TBkmvEsEFrd+Z/LXw8OD/6OlZ5g==
  dependencies:
    unicode ">= 0.3.1"

sntp@0.2.x:
  version "0.2.4"
  resolved "https://registry.yarnpkg.com/sntp/-/sntp-0.2.4.tgz#fb885f18b0f3aad189f824862536bceeec750900"
  integrity sha1-+4hfGLDzqtGJ+CSGJTa87ux1CQA=
  dependencies:
    hoek "0.9.x"

source-map@0.1.x, source-map@~0.1.7:
  version "0.1.43"
  resolved "https://registry.yarnpkg.com/source-map/-/source-map-0.1.43.tgz#c24bc146ca517c1471f5dacbe2571b2b7f9e3346"
  integrity sha1-wkvBRspRfBRx9drL4lcbK3+eM0Y=
  dependencies:
    amdefine ">=0.0.4"

source-map@0.4.x:
  version "0.4.4"
  resolved "https://registry.yarnpkg.com/source-map/-/source-map-0.4.4.tgz#eba4f5da9c0dc999de68032d8b4f76173652036b"
  integrity sha1-66T12pwNyZneaAMti092FzZSA2s=
  dependencies:
    amdefine ">=0.0.4"

source-map@~0.5.1:
  version "0.5.7"
  resolved "https://registry.yarnpkg.com/source-map/-/source-map-0.5.7.tgz#8a039d2d1021d22d1ea14c80d8ea468ba2ef3fcc"
  integrity sha1-igOdLRAh0i0eoUyA2OpGi6LvP8w=

st@^0.4.1:
  version "0.4.1"
  resolved "https://registry.yarnpkg.com/st/-/st-0.4.1.tgz#a52ce5260cd9db99dbac9c2e18046950a0310ecc"
  integrity sha1-pSzlJgzZ25nbrJwuGARpUKAxDsw=
  dependencies:
    async-cache "~0.1.2"
    fd "~0.0.2"
    mime "~1.2.7"
    negotiator "~0.2.5"
  optionalDependencies:
    graceful-fs "~1.2"

stat-mode@^0.2.0:
  version "0.2.2"
  resolved "https://registry.yarnpkg.com/stat-mode/-/stat-mode-0.2.2.tgz#e6c80b623123d7d80cf132ce538f346289072502"
  integrity sha1-5sgLYjEj19gM8TLOU480YokHJQI=

stringstream@~0.0.4:
  version "0.0.6"
  resolved "https://registry.yarnpkg.com/stringstream/-/stringstream-0.0.6.tgz#7880225b0d4ad10e30927d167a1d6f2fd3b33a72"
  integrity sha512-87GEBAkegbBcweToUrdzf3eLhWNg06FJTebl4BVJz/JgWy8CvEr9dRtX5qWphiynMSQlxxi+QqN0z5T32SLlhA==

strip-ansi@~0.1.0:
  version "0.1.1"
  resolved "https://registry.yarnpkg.com/strip-ansi/-/strip-ansi-0.1.1.tgz#39e8a98d044d150660abe4a6808acf70bb7bc991"
  integrity sha1-OeipjQRNFQZgq+SmgIrPcLt7yZE=

"substitute@https://github.com/segmentio/substitute/archive/0.0.1.tar.gz":
  version "0.0.1"
  resolved "https://github.com/segmentio/substitute/archive/0.0.1.tar.gz#432866985b03c3b0d3f71ac63d1ae1a18dfaf47d"

test@>=0.0.5:
  version "0.6.0"
  resolved "https://registry.yarnpkg.com/test/-/test-0.6.0.tgz#5986ac445ec17754322512d104ba32c8a63e938e"
  integrity sha1-WYasRF7Bd1QyJRLRBLoyyKY+k44=
  dependencies:
    ansi-font "0.0.2"

tough-cookie@>=0.12.0:
  version "3.0.1"
  resolved "https://registry.yarnpkg.com/tough-cookie/-/tough-cookie-3.0.1.tgz#9df4f57e739c26930a018184887f4adb7dca73b2"
  integrity sha512-yQyJ0u4pZsv9D4clxO69OEjLWYw+jbgspjTue4lTQZLfV0c5l1VmK2y1JK8E9ahdpltPOaAThPcp5nKPUgSnsg==
  dependencies:
    ip-regex "^2.1.0"
    psl "^1.1.28"
    punycode "^2.1.1"

transformers@2.1.0:
  version "2.1.0"
  resolved "https://registry.yarnpkg.com/transformers/-/transformers-2.1.0.tgz#5d23cb35561dd85dc67fb8482309b47d53cce9a7"
  integrity sha1-XSPLNVYd2F3Gf7hIIwm0fVPM6ac=
  dependencies:
    css "~1.0.8"
    promise "~2.0"
    uglify-js "~2.2.5"

tunnel-agent@~0.4.0:
  version "0.4.3"
  resolved "https://registry.yarnpkg.com/tunnel-agent/-/tunnel-agent-0.4.3.tgz#6373db76909fe570e08d73583365ed828a74eeeb"
  integrity sha1-Y3PbdpCf5XDgjXNYM2Xtgop07us=

uglify-js@^2.4.19:
  version "2.8.29"
  resolved "https://registry.yarnpkg.com/uglify-js/-/uglify-js-2.8.29.tgz#29c5733148057bb4e1f75df35b7a9cb72e6a59dd"
  integrity sha1-KcVzMUgFe7Th913zW3qcty5qWd0=
  dependencies:
    source-map "~0.5.1"
    yargs "~3.10.0"
  optionalDependencies:
    uglify-to-browserify "~1.0.0"

uglify-js@~2.2.5:
  version "2.2.5"
  resolved "https://registry.yarnpkg.com/uglify-js/-/uglify-js-2.2.5.tgz#a6e02a70d839792b9780488b7b8b184c095c99c7"
  integrity sha1-puAqcNg5eSuXgEiLe4sYTAlcmcc=
  dependencies:
    optimist "~0.3.5"
    source-map "~0.1.7"

uglify-to-browserify@~1.0.0:
  version "1.0.2"
  resolved "https://registry.yarnpkg.com/uglify-to-browserify/-/uglify-to-browserify-1.0.2.tgz#6e0924d6bda6b5afe349e39a6d632850a0f882b7"
  integrity sha1-bgkk1r2mta/jSeOabWMoUKD4grc=

"unicode@>= 0.3.1":
  version "12.1.0"
  resolved "https://registry.yarnpkg.com/unicode/-/unicode-12.1.0.tgz#7ee53a7a0ca5539b353419432823d8da58bbbf33"
  integrity sha512-Ty6+Ew21DiYTWLYtd05RF/X4c1ekOvOgANyHbBj0h3MaXpfaGr2Rdmc0hMFuGQLyPLb9cU4ArNxl0bTF5HSzXw==

uniq@0.0.2:
  version "0.0.2"
  resolved "https://registry.yarnpkg.com/uniq/-/uniq-0.0.2.tgz#614e868ba288651d351262369317acc43b901823"
  integrity sha1-YU6Gi6KIZR01EmI2kxesxDuQGCM=

void-elements@~2.0.1:
  version "2.0.1"
  resolved "https://registry.yarnpkg.com/void-elements/-/void-elements-2.0.1.tgz#c066afb582bb1cb4128d60ea92392e94d5e9dbec"
  integrity sha1-wGavtYK7HLQSjWDqkjkulNXp2+w=

ware@~0.3.0:
  version "0.3.0"
  resolved "https://registry.yarnpkg.com/ware/-/ware-0.3.0.tgz#2df8044973542ecb5eb54397d7cd3773bcf8e9eb"
  integrity sha1-LfgESXNULstetUOX1803c7z46es=

window-size@0.1.0:
  version "0.1.0"
  resolved "https://registry.yarnpkg.com/window-size/-/window-size-0.1.0.tgz#5438cd2ea93b202efa3a19fe8887aee7c94f9c9d"
  integrity sha1-VDjNLqk7IC76Ohn+iIeu58lPnJ0=

with@~4.0.0:
  version "4.0.3"
  resolved "https://registry.yarnpkg.com/with/-/with-4.0.3.tgz#eefd154e9e79d2c8d3417b647a8f14d9fecce14e"
  integrity sha1-7v0VTp550sjTQXtkeo8U2f7M4U4=
  dependencies:
    acorn "^1.0.1"
    acorn-globals "^1.0.3"

wordwrap@0.0.2:
  version "0.0.2"
  resolved "https://registry.yarnpkg.com/wordwrap/-/wordwrap-0.0.2.tgz#b79669bb42ecb409f83d583cad52ca17eaa1643f"
  integrity sha1-t5Zpu0LstAn4PVg8rVLKF+qhZD8=

wordwrap@~0.0.2:
  version "0.0.3"
  resolved "https://registry.yarnpkg.com/wordwrap/-/wordwrap-0.0.3.tgz#a3d5da6cd5c0bc0008d37234bbaf1bed63059107"
  integrity sha1-o9XabNXAvAAI03I0u68b7WMFkQc=

wrappy@1:
  version "1.0.2"
  resolved "https://registry.yarnpkg.com/wrappy/-/wrappy-1.0.2.tgz#b5243d8f3ec1aa35f1364605bc0d1036e30ab69f"
  integrity sha1-tSQ9jz7BqjXxNkYFvA0QNuMKtp8=

yaml-js@0.0.8:
  version "0.0.8"
  resolved "https://registry.yarnpkg.com/yaml-js/-/yaml-js-0.0.8.tgz#87cfa5a9613f48e26005420d6a8ee0da6fe8daec"
  integrity sha1-h8+lqWE/SOJgBUINao7g2m/o2uw=

yaml-js@^0.1.0:
  version "0.1.5"
  resolved "https://registry.yarnpkg.com/yaml-js/-/yaml-js-0.1.5.tgz#a01369010b3558d8aaed2394615dfd0780fd8fac"
  integrity sha1-oBNpAQs1WNiq7SOUYV39B4D9j6w=

yargs@~3.10.0:
  version "3.10.0"
  resolved "https://registry.yarnpkg.com/yargs/-/yargs-3.10.0.tgz#f7ee7bd857dd7c1d2d38c0e74efbd681d1431fd1"
  integrity sha1-9+572FfdfB0tOMDnTvvWgdFDH9E=
  dependencies:
    camelcase "^1.0.2"
    cliui "^2.1.0"
    decamelize "^1.0.0"
    window-size "0.1.0"
